
Microsoft Visual Studio Solution File, Format Version 12.00
# Visual Studio Version 16
VisualStudioVersion = 16.0.30804.86
MinimumVisualStudioVersion = 10.0.40219.1
Project("{FAE04EC0-301F-11D3-BF4B-00C04F79EFBC}") = "Deleget", "Class and Deleget\Deleget.csproj", "{7774C9A3-A43B-4089-B35D-91AF76B05F09}"
EndProject
Global
	GlobalSection(SolutionConfigurationPlatforms) = preSolution
		Debug|Any CPU = Debug|Any CPU
		Release|Any CPU = Release|Any CPU
	EndGlobalSection
	GlobalSection(ProjectConfigurationPlatforms) = postSolution
		{7774C9A3-A43B-4089-B35D-91AF76B05F09}.Debug|Any CPU.ActiveCfg = Debug|Any CPU
		{7774C9A3-A43B-4089-B35D-91AF76B05F09}.Debug|Any CPU.Build.0 = Debug|Any CPU
		{7774C9A3-A43B-4089-B35D-91AF76B05F09}.Release|Any CPU.ActiveCfg = Release|Any CPU
		{7774C9A3-A43B-4089-B35D-91AF76B05F09}.Release|Any CPU.Build.0 = Release|Any CPU
	EndGlobalSection
	GlobalSection(SolutionProperties) = preSolution
		HideSolutionNode = FALSE
	EndGlobalSection
	GlobalSection(ExtensibilityGlobals) = postSolution
		SolutionGuid = {B1783BCF-523E-41BC-991E-BBC015E6677C}
	EndGlobalSection
EndGlobal
