
Microsoft Visual Studio Solution File, Format Version 12.00
# Visual Studio Version 16
VisualStudioVersion = 16.0.30804.86
MinimumVisualStudioVersion = 10.0.40219.1
Project("{FAE04EC0-301F-11D3-BF4B-00C04F79EFBC}") = "Prectice 3 or 4", "Prectice 2 or 3\Prectice 3 or 4.csproj", "{D1E1F1C8-1945-4C93-8ABC-1BEE883A88CB}"
EndProject
Global
	GlobalSection(SolutionConfigurationPlatforms) = preSolution
		Debug|Any CPU = Debug|Any CPU
		Release|Any CPU = Release|Any CPU
	EndGlobalSection
	GlobalSection(ProjectConfigurationPlatforms) = postSolution
		{D1E1F1C8-1945-4C93-8ABC-1BEE883A88CB}.Debug|Any CPU.ActiveCfg = Debug|Any CPU
		{D1E1F1C8-1945-4C93-8ABC-1BEE883A88CB}.Debug|Any CPU.Build.0 = Debug|Any CPU
		{D1E1F1C8-1945-4C93-8ABC-1BEE883A88CB}.Release|Any CPU.ActiveCfg = Release|Any CPU
		{D1E1F1C8-1945-4C93-8ABC-1BEE883A88CB}.Release|Any CPU.Build.0 = Release|Any CPU
	EndGlobalSection
	GlobalSection(SolutionProperties) = preSolution
		HideSolutionNode = FALSE
	EndGlobalSection
	GlobalSection(ExtensibilityGlobals) = postSolution
		SolutionGuid = {3ADCBB9F-4D0D-400C-A981-24D778DDD458}
	EndGlobalSection
EndGlobal
