
Microsoft Visual Studio Solution File, Format Version 12.00
# Visual Studio Version 16
VisualStudioVersion = 16.0.30804.86
MinimumVisualStudioVersion = 10.0.40219.1
Project("{FAE04EC0-301F-11D3-BF4B-00C04F79EFBC}") = "Pratice_04_02", "Pratice_04_02\Pratice_04_02.csproj", "{4BAA0E74-E178-4A02-B1E9-69A90C39E630}"
EndProject
Global
	GlobalSection(SolutionConfigurationPlatforms) = preSolution
		Debug|Any CPU = Debug|Any CPU
		Release|Any CPU = Release|Any CPU
	EndGlobalSection
	GlobalSection(ProjectConfigurationPlatforms) = postSolution
		{4BAA0E74-E178-4A02-B1E9-69A90C39E630}.Debug|Any CPU.ActiveCfg = Debug|Any CPU
		{4BAA0E74-E178-4A02-B1E9-69A90C39E630}.Debug|Any CPU.Build.0 = Debug|Any CPU
		{4BAA0E74-E178-4A02-B1E9-69A90C39E630}.Release|Any CPU.ActiveCfg = Release|Any CPU
		{4BAA0E74-E178-4A02-B1E9-69A90C39E630}.Release|Any CPU.Build.0 = Release|Any CPU
	EndGlobalSection
	GlobalSection(SolutionProperties) = preSolution
		HideSolutionNode = FALSE
	EndGlobalSection
	GlobalSection(ExtensibilityGlobals) = postSolution
		SolutionGuid = {10745F75-2896-4FAD-A9F8-59429DE4589B}
	EndGlobalSection
EndGlobal
