
Microsoft Visual Studio Solution File, Format Version 12.00
# Visual Studio Version 16
VisualStudioVersion = 16.0.30804.86
MinimumVisualStudioVersion = 10.0.40219.1
Project("{FAE04EC0-301F-11D3-BF4B-00C04F79EFBC}") = "Recaptcha", "Recaptcha.csproj", "{2056F2D4-5E8B-47F3-9ADF-0E5B1D9CBC27}"
EndProject
Global
	GlobalSection(SolutionConfigurationPlatforms) = preSolution
		Debug|Any CPU = Debug|Any CPU
		Release|Any CPU = Release|Any CPU
	EndGlobalSection
	GlobalSection(ProjectConfigurationPlatforms) = postSolution
		{2056F2D4-5E8B-47F3-9ADF-0E5B1D9CBC27}.Debug|Any CPU.ActiveCfg = Debug|Any CPU
		{2056F2D4-5E8B-47F3-9ADF-0E5B1D9CBC27}.Debug|Any CPU.Build.0 = Debug|Any CPU
		{2056F2D4-5E8B-47F3-9ADF-0E5B1D9CBC27}.Release|Any CPU.ActiveCfg = Release|Any CPU
		{2056F2D4-5E8B-47F3-9ADF-0E5B1D9CBC27}.Release|Any CPU.Build.0 = Release|Any CPU
	EndGlobalSection
	GlobalSection(SolutionProperties) = preSolution
		HideSolutionNode = FALSE
	EndGlobalSection
	GlobalSection(ExtensibilityGlobals) = postSolution
		SolutionGuid = {BABAC527-E4BC-42FC-BE9E-8A4964D69F6B}
	EndGlobalSection
EndGlobal
